schema: '2.0'
stages:
  load_data:
    cmd: python src/load_data.py
    deps:
    - path: src/load_data.py
      hash: md5
      md5: b1cc18baea1257f3fbfb0aa9c771ed42
      size: 227
    outs:
    - path: output/data.pkl
      hash: md5
      md5: 35353c71da0985eed8bb507bbc53bd91
      size: 54950285
  train:
    cmd: python src/train.py
    deps:
    - path: output/data.pkl
      hash: md5
      md5: 35353c71da0985eed8bb507bbc53bd91
      size: 54950285
    - path: src/train.py
      hash: md5
      md5: cbcb201176828feaf6ff334bc9073b42
      size: 3333
    params:
      params.yaml:
        train.batch_size: 128
        train.dropout: 0.45
        train.hidden_units: 64
        train.lr: 0.001
        train.num_epochs: 2
    outs:
    - path: dvclive/metrics.json
      hash: md5
      md5: a5b70017ca23ec7c21e409370b5e392c
      size: 54
    - path: dvclive/plots/metrics/accuracy.tsv
      hash: md5
      md5: 25e2b3c17913cfaef2db21b98598713e
      size: 55
    - path: output/myfmmodel.keras
      hash: md5
      md5: 2b86090dfa5f4d5dd870d2c69c8be7b5
      size: 3681312
    - path: output/myfmmodel.tar.gz
      hash: md5
      md5: ccb1fbc4058717db264ec42b4b3c2576
      size: 3323187
    - path: output/train_logs.csv
      hash: md5
      md5: 5fa00d63f90fd15bfcabe60d2bdb12dc
      size: 99
  evaluate:
    cmd: python src/evaluate.py
    deps:
    - path: output/data.pkl
      hash: md5
      md5: 35353c71da0985eed8bb507bbc53bd91
      size: 54950285
    - path: output/myfmmodel.keras
      hash: md5
      md5: 2b86090dfa5f4d5dd870d2c69c8be7b5
      size: 3681312
    - path: src/evaluate.py
      hash: md5
      md5: d55658c1947e760905f8784a695033b4
      size: 2983
    outs:
    - path: output/metrics.json
      hash: md5
      md5: 58570f0a9eadf9093cd512cab32f0b3d
      size: 60
    - path: output/predictions.json
      hash: md5
      md5: ce464c046ec4f7077a5958636ea57753
      size: 310000
    - path: output/test/samples_of_mispredicted_images/
      hash: md5
      md5: b73c859d872cc6f324ea36555fff3f68.dir
      size: 171064
      nfiles: 10
