schema: '2.0'
stages:
  load_data:
    cmd: python src/load_data.py
    deps:
    - path: src/load_data.py
      hash: md5
      md5: b1cc18baea1257f3fbfb0aa9c771ed42
      size: 227
    outs:
    - path: output/data.pkl
      hash: md5
      md5: 35353c71da0985eed8bb507bbc53bd91
      size: 54950285
  train:
    cmd: python src/train.py
    deps:
    - path: output/data.pkl
      hash: md5
      md5: 35353c71da0985eed8bb507bbc53bd91
      size: 54950285
    - path: src/train.py
      hash: md5
      md5: cbcb201176828feaf6ff334bc9073b42
      size: 3333
    params:
      params.yaml:
        train.batch_size: 128
        train.dropout: 0.45
        train.hidden_units: 128
        train.lr: 0.001
        train.num_epochs: 2
    outs:
    - path: dvclive/metrics.json
      hash: md5
      md5: e6ea5cdc72b08c34c61cd1c221fcd484
      size: 53
    - path: dvclive/plots/metrics/accuracy.tsv
      hash: md5
      md5: 6210ca1a5ea769d0cf2863ea1040bd70
      size: 55
    - path: output/myfmmodel.keras
      hash: md5
      md5: 0081b008b349bfbf0bda024efe3b76d3
      size: 7324888
    - path: output/myfmmodel.tar.gz
      hash: md5
      md5: 8ff5ce73a06304212028b603103761ce
      size: 6732935
    - path: output/train_logs.csv
      hash: md5
      md5: 3fe91a672b4bbd47ace73a059c48c568
      size: 100
  evaluate:
    cmd: python src/evaluate.py
    deps:
    - path: output/data.pkl
      hash: md5
      md5: 35353c71da0985eed8bb507bbc53bd91
      size: 54950285
    - path: output/myfmmodel.keras
      hash: md5
      md5: 0081b008b349bfbf0bda024efe3b76d3
      size: 7324888
    - path: src/evaluate.py
      hash: md5
      md5: d55658c1947e760905f8784a695033b4
      size: 2983
    outs:
    - path: output/metrics.json
      hash: md5
      md5: d128efff9eb19d84c2eba99e0e6d14cf
      size: 60
    - path: output/predictions.json
      hash: md5
      md5: b8ab2cb7d0ed8ee98d92da95c8d9dd91
      size: 310000
    - path: output/test/samples_of_mispredicted_images/
      hash: md5
      md5: e757e0f4e58c502aabb353fd8b790662.dir
      size: 169291
      nfiles: 10
